// !$*UTF8*$!
{
	archiveVersion = 1;
	classes = {
	};
	objectVersion = 55;
	objects = {

/* Begin PBXBuildFile section */
		2DEAEF2D272B4CBA0011C403 /* AppDelegate.swift in Sources */ = {isa = PBXBuildFile; fileRef = 2DEAEF2C272B4CBA0011C403 /* AppDelegate.swift */; };
		2DEAEF2F272B4CBA0011C403 /* SceneDelegate.swift in Sources */ = {isa = PBXBuildFile; fileRef = 2DEAEF2E272B4CBA0011C403 /* SceneDelegate.swift */; };
		2DEAEF31272B4CBA0011C403 /* ViewController.swift in Sources */ = {isa = PBXBuildFile; fileRef = 2DEAEF30272B4CBA0011C403 /* ViewController.swift */; };
		2DEAEF34272B4CBA0011C403 /* Main.storyboard in Resources */ = {isa = PBXBuildFile; fileRef = 2DEAEF32272B4CBA0011C403 /* Main.storyboard */; };
		2DEAEF36272B4CBC0011C403 /* Assets.xcassets in Resources */ = {isa = PBXBuildFile; fileRef = 2DEAEF35272B4CBC0011C403 /* Assets.xcassets */; };
		2DEAEF39272B4CBC0011C403 /* LaunchScreen.storyboard in Resources */ = {isa = PBXBuildFile; fileRef = 2DEAEF37272B4CBC0011C403 /* LaunchScreen.storyboard */; };
		2DEAEF43272B4E070011C403 /* Splash.storyboard in Resources */ = {isa = PBXBuildFile; fileRef = 2DEAEF42272B4E070011C403 /* Splash.storyboard */; };
		2DEAEF45272B4E580011C403 /* ContracsSplash.swift in Sources */ = {isa = PBXBuildFile; fileRef = 2DEAEF44272B4E580011C403 /* ContracsSplash.swift */; };
		2DEAEF47272B51970011C403 /* SplashViewController.swift in Sources */ = {isa = PBXBuildFile; fileRef = 2DEAEF46272B51970011C403 /* SplashViewController.swift */; };
		2DEAEF49272B51E00011C403 /* SplashRouter.swift in Sources */ = {isa = PBXBuildFile; fileRef = 2DEAEF48272B51E00011C403 /* SplashRouter.swift */; };
		2DEAEF4B272B52040011C403 /* SplashPresenter.swift in Sources */ = {isa = PBXBuildFile; fileRef = 2DEAEF4A272B52040011C403 /* SplashPresenter.swift */; };
		2DEAEF4D272B527A0011C403 /* InteractorSplash.swift in Sources */ = {isa = PBXBuildFile; fileRef = 2DEAEF4C272B527A0011C403 /* InteractorSplash.swift */; };
		2DEAEF53272B75510011C403 /* HomeContracs.swift in Sources */ = {isa = PBXBuildFile; fileRef = 2DEAEF52272B75510011C403 /* HomeContracs.swift */; };
		2DEAEF55272B75BE0011C403 /* HomeViewController.swift in Sources */ = {isa = PBXBuildFile; fileRef = 2DEAEF54272B75BE0011C403 /* HomeViewController.swift */; };
		2DEAEF57272B75D30011C403 /* HomeRouter.swift in Sources */ = {isa = PBXBuildFile; fileRef = 2DEAEF56272B75D30011C403 /* HomeRouter.swift */; };
		2DEAEF59272B75E00011C403 /* HomePresenter.swift in Sources */ = {isa = PBXBuildFile; fileRef = 2DEAEF58272B75E00011C403 /* HomePresenter.swift */; };
		2DEAEF5B272B75F20011C403 /* HomeInteractor.swift in Sources */ = {isa = PBXBuildFile; fileRef = 2DEAEF5A272B75F20011C403 /* HomeInteractor.swift */; };
		2DEAEF5D272B76040011C403 /* Home.storyboard in Resources */ = {isa = PBXBuildFile; fileRef = 2DEAEF5C272B76040011C403 /* Home.storyboard */; };
		2DEAEF61272B79110011C403 /* RequestManager.swift in Sources */ = {isa = PBXBuildFile; fileRef = 2DEAEF60272B79110011C403 /* RequestManager.swift */; };
		2DEAEF64272B7AAC0011C403 /* HomeEntity.swift in Sources */ = {isa = PBXBuildFile; fileRef = 2DEAEF63272B7AAC0011C403 /* HomeEntity.swift */; };
		2DEAEF68272B87150011C403 /* HomeTableViewCell.swift in Sources */ = {isa = PBXBuildFile; fileRef = 2DEAEF66272B87150011C403 /* HomeTableViewCell.swift */; };
		2DEAEF69272B87150011C403 /* HomeTableViewCell.xib in Resources */ = {isa = PBXBuildFile; fileRef = 2DEAEF67272B87150011C403 /* HomeTableViewCell.xib */; };
		2DEAEF7A272BA1A80011C403 /* TrableDB.xcdatamodeld in Sources */ = {isa = PBXBuildFile; fileRef = 2DEAEF78272BA1A80011C403 /* TrableDB.xcdatamodeld */; };
/* End PBXBuildFile section */

/* Begin PBXFileReference section */
		15CB6D09D71109BA06444BDB /* Pods-TribalTest.debug.xcconfig */ = {isa = PBXFileReference; includeInIndex = 1; lastKnownFileType = text.xcconfig; name = "Pods-TribalTest.debug.xcconfig"; path = "Target Support Files/Pods-TribalTest/Pods-TribalTest.debug.xcconfig"; sourceTree = "<group>"; };
		2DEAEF29272B4CBA0011C403 /* TribalTest.app */ = {isa = PBXFileReference; explicitFileType = wrapper.application; includeInIndex = 0; path = TribalTest.app; sourceTree = BUILT_PRODUCTS_DIR; };
		2DEAEF2C272B4CBA0011C403 /* AppDelegate.swift */ = {isa = PBXFileReference; lastKnownFileType = sourcecode.swift; path = AppDelegate.swift; sourceTree = "<group>"; };
		2DEAEF2E272B4CBA0011C403 /* SceneDelegate.swift */ = {isa = PBXFileReference; lastKnownFileType = sourcecode.swift; path = SceneDelegate.swift; sourceTree = "<group>"; };
		2DEAEF30272B4CBA0011C403 /* ViewController.swift */ = {isa = PBXFileReference; lastKnownFileType = sourcecode.swift; path = ViewController.swift; sourceTree = "<group>"; };
		2DEAEF33272B4CBA0011C403 /* Base */ = {isa = PBXFileReference; lastKnownFileType = file.storyboard; name = Base; path = Base.lproj/Main.storyboard; sourceTree = "<group>"; };
		2DEAEF35272B4CBC0011C403 /* Assets.xcassets */ = {isa = PBXFileReference; lastKnownFileType = folder.assetcatalog; path = Assets.xcassets; sourceTree = "<group>"; };
		2DEAEF38272B4CBC0011C403 /* Base */ = {isa = PBXFileReference; lastKnownFileType = file.storyboard; name = Base; path = Base.lproj/LaunchScreen.storyboard; sourceTree = "<group>"; };
		2DEAEF3A272B4CBC0011C403 /* Info.plist */ = {isa = PBXFileReference; lastKnownFileType = text.plist.xml; path = Info.plist; sourceTree = "<group>"; };
		2DEAEF42272B4E070011C403 /* Splash.storyboard */ = {isa = PBXFileReference; lastKnownFileType = file.storyboard; path = Splash.storyboard; sourceTree = "<group>"; };
		2DEAEF44272B4E580011C403 /* ContracsSplash.swift */ = {isa = PBXFileReference; lastKnownFileType = sourcecode.swift; path = ContracsSplash.swift; sourceTree = "<group>"; };
		2DEAEF46272B51970011C403 /* SplashViewController.swift */ = {isa = PBXFileReference; lastKnownFileType = sourcecode.swift; path = SplashViewController.swift; sourceTree = "<group>"; };
		2DEAEF48272B51E00011C403 /* SplashRouter.swift */ = {isa = PBXFileReference; lastKnownFileType = sourcecode.swift; path = SplashRouter.swift; sourceTree = "<group>"; };
		2DEAEF4A272B52040011C403 /* SplashPresenter.swift */ = {isa = PBXFileReference; lastKnownFileType = sourcecode.swift; path = SplashPresenter.swift; sourceTree = "<group>"; };
		2DEAEF4C272B527A0011C403 /* InteractorSplash.swift */ = {isa = PBXFileReference; lastKnownFileType = sourcecode.swift; path = InteractorSplash.swift; sourceTree = "<group>"; };
		2DEAEF52272B75510011C403 /* HomeContracs.swift */ = {isa = PBXFileReference; lastKnownFileType = sourcecode.swift; path = HomeContracs.swift; sourceTree = "<group>"; };
		2DEAEF54272B75BE0011C403 /* HomeViewController.swift */ = {isa = PBXFileReference; lastKnownFileType = sourcecode.swift; path = HomeViewController.swift; sourceTree = "<group>"; };
		2DEAEF56272B75D30011C403 /* HomeRouter.swift */ = {isa = PBXFileReference; lastKnownFileType = sourcecode.swift; path = HomeRouter.swift; sourceTree = "<group>"; };
		2DEAEF58272B75E00011C403 /* HomePresenter.swift */ = {isa = PBXFileReference; lastKnownFileType = sourcecode.swift; path = HomePresenter.swift; sourceTree = "<group>"; };
		2DEAEF5A272B75F20011C403 /* HomeInteractor.swift */ = {isa = PBXFileReference; lastKnownFileType = sourcecode.swift; path = HomeInteractor.swift; sourceTree = "<group>"; };
		2DEAEF5C272B76040011C403 /* Home.storyboard */ = {isa = PBXFileReference; lastKnownFileType = file.storyboard; path = Home.storyboard; sourceTree = "<group>"; };
		2DEAEF60272B79110011C403 /* RequestManager.swift */ = {isa = PBXFileReference; fileEncoding = 4; lastKnownFileType = sourcecode.swift; path = RequestManager.swift; sourceTree = "<group>"; };
		2DEAEF63272B7AAC0011C403 /* HomeEntity.swift */ = {isa = PBXFileReference; lastKnownFileType = sourcecode.swift; path = HomeEntity.swift; sourceTree = "<group>"; };
		2DEAEF66272B87150011C403 /* HomeTableViewCell.swift */ = {isa = PBXFileReference; lastKnownFileType = sourcecode.swift; path = HomeTableViewCell.swift; sourceTree = "<group>"; };
		2DEAEF67272B87150011C403 /* HomeTableViewCell.xib */ = {isa = PBXFileReference; lastKnownFileType = file.xib; path = HomeTableViewCell.xib; sourceTree = "<group>"; };
		2DEAEF79272BA1A80011C403 /* TrableDB.xcdatamodel */ = {isa = PBXFileReference; lastKnownFileType = wrapper.xcdatamodel; path = TrableDB.xcdatamodel; sourceTree = "<group>"; };
		7363035B68B2B7F99EE5F2ED /* Pods-TribalTest.release.xcconfig */ = {isa = PBXFileReference; includeInIndex = 1; lastKnownFileType = text.xcconfig; name = "Pods-TribalTest.release.xcconfig"; path = "Target Support Files/Pods-TribalTest/Pods-TribalTest.release.xcconfig"; sourceTree = "<group>"; };
/* End PBXFileReference section */

/* Begin PBXFrameworksBuildPhase section */
		2DEAEF26272B4CBA0011C403 /* Frameworks */ = {
			isa = PBXFrameworksBuildPhase;
			buildActionMask = 2147483647;
			files = (
			);
			runOnlyForDeploymentPostprocessing = 0;
		};
/* End PBXFrameworksBuildPhase section */

/* Begin PBXGroup section */
		2DEAEF20272B4CBA0011C403 = {
			isa = PBXGroup;
			children = (
				2DEAEF2B272B4CBA0011C403 /* TribalTest */,
				2DEAEF2A272B4CBA0011C403 /* Products */,
				F552CAC7BC6F0EB2DB4A8B52 /* Pods */,
				9E8237A9D778B28D046E8417 /* Frameworks */,
			);
			sourceTree = "<group>";
		};
		2DEAEF2A272B4CBA0011C403 /* Products */ = {
			isa = PBXGroup;
			children = (
				2DEAEF29272B4CBA0011C403 /* TribalTest.app */,
			);
			name = Products;
			sourceTree = "<group>";
		};
		2DEAEF2B272B4CBA0011C403 /* TribalTest */ = {
			isa = PBXGroup;
			children = (
				2DEAEF5F272B78EA0011C403 /* Utils */,
				2DEAEF40272B4DE40011C403 /* Modulos */,
				2DEAEF2C272B4CBA0011C403 /* AppDelegate.swift */,
				2DEAEF2E272B4CBA0011C403 /* SceneDelegate.swift */,
				2DEAEF30272B4CBA0011C403 /* ViewController.swift */,
				2DEAEF32272B4CBA0011C403 /* Main.storyboard */,
				2DEAEF35272B4CBC0011C403 /* Assets.xcassets */,
				2DEAEF37272B4CBC0011C403 /* LaunchScreen.storyboard */,
				2DEAEF78272BA1A80011C403 /* TrableDB.xcdatamodeld */,
				2DEAEF3A272B4CBC0011C403 /* Info.plist */,
			);
			path = TribalTest;
			sourceTree = "<group>";
		};
		2DEAEF40272B4DE40011C403 /* Modulos */ = {
			isa = PBXGroup;
			children = (
				2DEAEF51272B75220011C403 /* Home */,
				2DEAEF41272B4DEF0011C403 /* Splash */,
			);
			path = Modulos;
			sourceTree = "<group>";
		};
		2DEAEF41272B4DEF0011C403 /* Splash */ = {
			isa = PBXGroup;
			children = (
				2DEAEF44272B4E580011C403 /* ContracsSplash.swift */,
				2DEAEF46272B51970011C403 /* SplashViewController.swift */,
				2DEAEF4A272B52040011C403 /* SplashPresenter.swift */,
				2DEAEF48272B51E00011C403 /* SplashRouter.swift */,
				2DEAEF4C272B527A0011C403 /* InteractorSplash.swift */,
				2DEAEF42272B4E070011C403 /* Splash.storyboard */,
			);
			path = Splash;
			sourceTree = "<group>";
		};
		2DEAEF51272B75220011C403 /* Home */ = {
			isa = PBXGroup;
			children = (
				2DEAEF65272B86E60011C403 /* HomeCell */,
				2DEAEF52272B75510011C403 /* HomeContracs.swift */,
				2DEAEF56272B75D30011C403 /* HomeRouter.swift */,
				2DEAEF58272B75E00011C403 /* HomePresenter.swift */,
				2DEAEF5A272B75F20011C403 /* HomeInteractor.swift */,
				2DEAEF54272B75BE0011C403 /* HomeViewController.swift */,
				2DEAEF63272B7AAC0011C403 /* HomeEntity.swift */,
				2DEAEF5C272B76040011C403 /* Home.storyboard */,
			);
			path = Home;
			sourceTree = "<group>";
		};
		2DEAEF5F272B78EA0011C403 /* Utils */ = {
			isa = PBXGroup;
			children = (
				2DEAEF70272BA0D10011C403 /* Models */,
				2DEAEF60272B79110011C403 /* RequestManager.swift */,
			);
			path = Utils;
			sourceTree = "<group>";
		};
		2DEAEF65272B86E60011C403 /* HomeCell */ = {
			isa = PBXGroup;
			children = (
				2DEAEF66272B87150011C403 /* HomeTableViewCell.swift */,
				2DEAEF67272B87150011C403 /* HomeTableViewCell.xib */,
			);
			path = HomeCell;
			sourceTree = "<group>";
		};
		2DEAEF70272BA0D10011C403 /* Models */ = {
			isa = PBXGroup;
			children = (
			);
			path = Models;
			sourceTree = "<group>";
		};
		9E8237A9D778B28D046E8417 /* Frameworks */ = {
			isa = PBXGroup;
			children = (
			);
			name = Frameworks;
			sourceTree = "<group>";
		};
		F552CAC7BC6F0EB2DB4A8B52 /* Pods */ = {
			isa = PBXGroup;
			children = (
				15CB6D09D71109BA06444BDB /* Pods-TribalTest.debug.xcconfig */,
				7363035B68B2B7F99EE5F2ED /* Pods-TribalTest.release.xcconfig */,
			);
			path = Pods;
			sourceTree = "<group>";
		};
/* End PBXGroup section */

/* Begin PBXNativeTarget section */
		2DEAEF28272B4CBA0011C403 /* TribalTest */ = {
			isa = PBXNativeTarget;
			buildConfigurationList = 2DEAEF3D272B4CBC0011C403 /* Build configuration list for PBXNativeTarget "TribalTest" */;
			buildPhases = (
				DC6B065BD6601172AAD2ABB6 /* [CP] Check Pods Manifest.lock */,
				2DEAEF25272B4CBA0011C403 /* Sources */,
				2DEAEF26272B4CBA0011C403 /* Frameworks */,
				2DEAEF27272B4CBA0011C403 /* Resources */,
				2DC5668C891DD121CB518D24 /* [CP] Embed Pods Frameworks */,
			);
			buildRules = (
			);
			dependencies = (
			);
			name = TribalTest;
			productName = TribalTest;
			productReference = 2DEAEF29272B4CBA0011C403 /* TribalTest.app */;
			productType = "com.apple.product-type.application";
		};
/* End PBXNativeTarget section */

/* Begin PBXProject section */
		2DEAEF21272B4CBA0011C403 /* Project object */ = {
			isa = PBXProject;
			attributes = {
				BuildIndependentTargetsInParallel = 1;
				LastSwiftUpdateCheck = 1300;
				LastUpgradeCheck = 1300;
				TargetAttributes = {
					2DEAEF28272B4CBA0011C403 = {
						CreatedOnToolsVersion = 13.0;
					};
				};
			};
			buildConfigurationList = 2DEAEF24272B4CBA0011C403 /* Build configuration list for PBXProject "TribalTest" */;
			compatibilityVersion = "Xcode 13.0";
			developmentRegion = en;
			hasScannedForEncodings = 0;
			knownRegions = (
				en,
				Base,
			);
			mainGroup = 2DEAEF20272B4CBA0011C403;
			productRefGroup = 2DEAEF2A272B4CBA0011C403 /* Products */;
			projectDirPath = "";
			projectRoot = "";
			targets = (
				2DEAEF28272B4CBA0011C403 /* TribalTest */,
			);
		};
/* End PBXProject section */

/* Begin PBXResourcesBuildPhase section */
		2DEAEF27272B4CBA0011C403 /* Resources */ = {
			isa = PBXResourcesBuildPhase;
			buildActionMask = 2147483647;
			files = (
				2DEAEF39272B4CBC0011C403 /* LaunchScreen.storyboard in Resources */,
				2DEAEF5D272B76040011C403 /* Home.storyboard in Resources */,
				2DEAEF36272B4CBC0011C403 /* Assets.xcassets in Resources */,
				2DEAEF34272B4CBA0011C403 /* Main.storyboard in Resources */,
				2DEAEF69272B87150011C403 /* HomeTableViewCell.xib in Resources */,
				2DEAEF43272B4E070011C403 /* Splash.storyboard in Resources */,
			);
			runOnlyForDeploymentPostprocessing = 0;
		};
/* End PBXResourcesBuildPhase section */

/* Begin PBXShellScriptBuildPhase section */
		2DC5668C891DD121CB518D24 /* [CP] Embed Pods Frameworks */ = {
			isa = PBXShellScriptBuildPhase;
			buildActionMask = 2147483647;
			files = (
			);
			inputFileListPaths = (
				"${PODS_ROOT}/Target Support Files/Pods-TribalTest/Pods-TribalTest-frameworks-${CONFIGURATION}-input-files.xcfilelist",
			);
			name = "[CP] Embed Pods Frameworks";
			outputFileListPaths = (
				"${PODS_ROOT}/Target Support Files/Pods-TribalTest/Pods-TribalTest-frameworks-${CONFIGURATION}-output-files.xcfilelist",
			);
			runOnlyForDeploymentPostprocessing = 0;
			shellPath = /bin/sh;
			shellScript = "\"${PODS_ROOT}/Target Support Files/Pods-TribalTest/Pods-TribalTest-frameworks.sh\"\n";
			showEnvVarsInLog = 0;
		};
		DC6B065BD6601172AAD2ABB6 /* [CP] Check Pods Manifest.lock */ = {
			isa = PBXShellScriptBuildPhase;
			buildActionMask = 2147483647;
			files = (
			);
			inputFileListPaths = (
			);
			inputPaths = (
				"${PODS_PODFILE_DIR_PATH}/Podfile.lock",
				"${PODS_ROOT}/Manifest.lock",
			);
			name = "[CP] Check Pods Manifest.lock";
			outputFileListPaths = (
			);
			outputPaths = (
				"$(DERIVED_FILE_DIR)/Pods-TribalTest-checkManifestLockResult.txt",
			);
			runOnlyForDeploymentPostprocessing = 0;
			shellPath = /bin/sh;
			shellScript = "diff \"${PODS_PODFILE_DIR_PATH}/Podfile.lock\" \"${PODS_ROOT}/Manifest.lock\" > /dev/null\nif [ $? != 0 ] ; then\n    # print error to STDERR\n    echo \"error: The sandbox is not in sync with the Podfile.lock. Run 'pod install' or update your CocoaPods installation.\" >&2\n    exit 1\nfi\n# This output is used by Xcode 'outputs' to avoid re-running this script phase.\necho \"SUCCESS\" > \"${SCRIPT_OUTPUT_FILE_0}\"\n";
			showEnvVarsInLog = 0;
		};
/* End PBXShellScriptBuildPhase section */

/* Begin PBXSourcesBuildPhase section */
		2DEAEF25272B4CBA0011C403 /* Sources */ = {
			isa = PBXSourcesBuildPhase;
			buildActionMask = 2147483647;
			files = (
				2DEAEF53272B75510011C403 /* HomeContracs.swift in Sources */,
				2DEAEF7A272BA1A80011C403 /* TrableDB.xcdatamodeld in Sources */,
				2DEAEF31272B4CBA0011C403 /* ViewController.swift in Sources */,
				2DEAEF4B272B52040011C403 /* SplashPresenter.swift in Sources */,
				2DEAEF59272B75E00011C403 /* HomePresenter.swift in Sources */,
				2DEAEF49272B51E00011C403 /* SplashRouter.swift in Sources */,
				2DEAEF2D272B4CBA0011C403 /* AppDelegate.swift in Sources */,
				2DEAEF55272B75BE0011C403 /* HomeViewController.swift in Sources */,
				2DEAEF5B272B75F20011C403 /* HomeInteractor.swift in Sources */,
				2DEAEF2F272B4CBA0011C403 /* SceneDelegate.swift in Sources */,
				2DEAEF45272B4E580011C403 /* ContracsSplash.swift in Sources */,
				2DEAEF47272B51970011C403 /* SplashViewController.swift in Sources */,
				2DEAEF4D272B527A0011C403 /* InteractorSplash.swift in Sources */,
				2DEAEF57272B75D30011C403 /* HomeRouter.swift in Sources */,
				2DEAEF64272B7AAC0011C403 /* HomeEntity.swift in Sources */,
				2DEAEF68272B87150011C403 /* HomeTableViewCell.swift in Sources */,
				2DEAEF61272B79110011C403 /* RequestManager.swift in Sources */,
			);
			runOnlyForDeploymentPostprocessing = 0;
		};
/* End PBXSourcesBuildPhase section */

/* Begin PBXVariantGroup section */
		2DEAEF32272B4CBA0011C403 /* Main.storyboard */ = {
			isa = PBXVariantGroup;
			children = (
				2DEAEF33272B4CBA0011C403 /* Base */,
			);
			name = Main.storyboard;
			sourceTree = "<group>";
		};
		2DEAEF37272B4CBC0011C403 /* LaunchScreen.storyboard */ = {
			isa = PBXVariantGroup;
			children = (
				2DEAEF38272B4CBC0011C403 /* Base */,
			);
			name = LaunchScreen.storyboard;
			sourceTree = "<group>";
		};
/* End PBXVariantGroup section */

/* Begin XCBuildConfiguration section */
		2DEAEF3B272B4CBC0011C403 /* Debug */ = {
			isa = XCBuildConfiguration;
			buildSettings = {
				ALWAYS_SEARCH_USER_PATHS = NO;
				CLANG_ANALYZER_NONNULL = YES;
				CLANG_ANALYZER_NUMBER_OBJECT_CONVERSION = YES_AGGRESSIVE;
				CLANG_CXX_LANGUAGE_STANDARD = "gnu++17";
				CLANG_CXX_LIBRARY = "libc++";
				CLANG_ENABLE_MODULES = YES;
				CLANG_ENABLE_OBJC_ARC = YES;
				CLANG_ENABLE_OBJC_WEAK = YES;
				CLANG_WARN_BLOCK_CAPTURE_AUTORELEASING = YES;
				CLANG_WARN_BOOL_CONVERSION = YES;
				CLANG_WARN_COMMA = YES;
				CLANG_WARN_CONSTANT_CONVERSION = YES;
				CLANG_WARN_DEPRECATED_OBJC_IMPLEMENTATIONS = YES;
				CLANG_WARN_DIRECT_OBJC_ISA_USAGE = YES_ERROR;
				CLANG_WARN_DOCUMENTATION_COMMENTS = YES;
				CLANG_WARN_EMPTY_BODY = YES;
				CLANG_WARN_ENUM_CONVERSION = YES;
				CLANG_WARN_INFINITE_RECURSION = YES;
				CLANG_WARN_INT_CONVERSION = YES;
				CLANG_WARN_NON_LITERAL_NULL_CONVERSION = YES;
				CLANG_WARN_OBJC_IMPLICIT_RETAIN_SELF = YES;
				CLANG_WARN_OBJC_LITERAL_CONVERSION = YES;
				CLANG_WARN_OBJC_ROOT_CLASS = YES_ERROR;
				CLANG_WARN_QUOTED_INCLUDE_IN_FRAMEWORK_HEADER = YES;
				CLANG_WARN_RANGE_LOOP_ANALYSIS = YES;
				CLANG_WARN_STRICT_PROTOTYPES = YES;
				CLANG_WARN_SUSPICIOUS_MOVE = YES;
				CLANG_WARN_UNGUARDED_AVAILABILITY = YES_AGGRESSIVE;
				CLANG_WARN_UNREACHABLE_CODE = YES;
				CLANG_WARN__DUPLICATE_METHOD_MATCH = YES;
				COPY_PHASE_STRIP = NO;
				DEBUG_INFORMATION_FORMAT = dwarf;
				ENABLE_STRICT_OBJC_MSGSEND = YES;
				ENABLE_TESTABILITY = YES;
				GCC_C_LANGUAGE_STANDARD = gnu11;
				GCC_DYNAMIC_NO_PIC = NO;
				GCC_NO_COMMON_BLOCKS = YES;
				GCC_OPTIMIZATION_LEVEL = 0;
				GCC_PREPROCESSOR_DEFINITIONS = (
					"DEBUG=1",
					"$(inherited)",
				);
				GCC_WARN_64_TO_32_BIT_CONVERSION = YES;
				GCC_WARN_ABOUT_RETURN_TYPE = YES_ERROR;
				GCC_WARN_UNDECLARED_SELECTOR = YES;
				GCC_WARN_UNINITIALIZED_AUTOS = YES_AGGRESSIVE;
				GCC_WARN_UNUSED_FUNCTION = YES;
				GCC_WARN_UNUSED_VARIABLE = YES;
				IPHONEOS_DEPLOYMENT_TARGET = 15.0;
				MTL_ENABLE_DEBUG_INFO = INCLUDE_SOURCE;
				MTL_FAST_MATH = YES;
				ONLY_ACTIVE_ARCH = YES;
				SDKROOT = iphoneos;
				SWIFT_ACTIVE_COMPILATION_CONDITIONS = DEBUG;
				SWIFT_OPTIMIZATION_LEVEL = "-Onone";
			};
			name = Debug;
		};
		2DEAEF3C272B4CBC0011C403 /* Release */ = {
			isa = XCBuildConfiguration;
			buildSettings = {
				ALWAYS_SEARCH_USER_PATHS = NO;
				CLANG_ANALYZER_NONNULL = YES;
				CLANG_ANALYZER_NUMBER_OBJECT_CONVERSION = YES_AGGRESSIVE;
				CLANG_CXX_LANGUAGE_STANDARD = "gnu++17";
				CLANG_CXX_LIBRARY = "libc++";
				CLANG_ENABLE_MODULES = YES;
				CLANG_ENABLE_OBJC_ARC = YES;
				CLANG_ENABLE_OBJC_WEAK = YES;
				CLANG_WARN_BLOCK_CAPTURE_AUTORELEASING = YES;
				CLANG_WARN_BOOL_CONVERSION = YES;
				CLANG_WARN_COMMA = YES;
				CLANG_WARN_CONSTANT_CONVERSION = YES;
				CLANG_WARN_DEPRECATED_OBJC_IMPLEMENTATIONS = YES;
				CLANG_WARN_DIRECT_OBJC_ISA_USAGE = YES_ERROR;
				CLANG_WARN_DOCUMENTATION_COMMENTS = YES;
				CLANG_WARN_EMPTY_BODY = YES;
				CLANG_WARN_ENUM_CONVERSION = YES;
				CLANG_WARN_INFINITE_RECURSION = YES;
				CLANG_WARN_INT_CONVERSION = YES;
				CLANG_WARN_NON_LITERAL_NULL_CONVERSION = YES;
				CLANG_WARN_OBJC_IMPLICIT_RETAIN_SELF = YES;
				CLANG_WARN_OBJC_LITERAL_CONVERSION = YES;
				CLANG_WARN_OBJC_ROOT_CLASS = YES_ERROR;
				CLANG_WARN_QUOTED_INCLUDE_IN_FRAMEWORK_HEADER = YES;
				CLANG_WARN_RANGE_LOOP_ANALYSIS = YES;
				CLANG_WARN_STRICT_PROTOTYPES = YES;
				CLANG_WARN_SUSPICIOUS_MOVE = YES;
				CLANG_WARN_UNGUARDED_AVAILABILITY = YES_AGGRESSIVE;
				CLANG_WARN_UNREACHABLE_CODE = YES;
				CLANG_WARN__DUPLICATE_METHOD_MATCH = YES;
				COPY_PHASE_STRIP = NO;
				DEBUG_INFORMATION_FORMAT = "dwarf-with-dsym";
				ENABLE_NS_ASSERTIONS = NO;
				ENABLE_STRICT_OBJC_MSGSEND = YES;
				GCC_C_LANGUAGE_STANDARD = gnu11;
				GCC_NO_COMMON_BLOCKS = YES;
				GCC_WARN_64_TO_32_BIT_CONVERSION = YES;
				GCC_WARN_ABOUT_RETURN_TYPE = YES_ERROR;
				GCC_WARN_UNDECLARED_SELECTOR = YES;
				GCC_WARN_UNINITIALIZED_AUTOS = YES_AGGRESSIVE;
				GCC_WARN_UNUSED_FUNCTION = YES;
				GCC_WARN_UNUSED_VARIABLE = YES;
				IPHONEOS_DEPLOYMENT_TARGET = 15.0;
				MTL_ENABLE_DEBUG_INFO = NO;
				MTL_FAST_MATH = YES;
				SDKROOT = iphoneos;
				SWIFT_COMPILATION_MODE = wholemodule;
				SWIFT_OPTIMIZATION_LEVEL = "-O";
				VALIDATE_PRODUCT = YES;
			};
			name = Release;
		};
		2DEAEF3E272B4CBC0011C403 /* Debug */ = {
			isa = XCBuildConfiguration;
			baseConfigurationReference = 15CB6D09D71109BA06444BDB /* Pods-TribalTest.debug.xcconfig */;
			buildSettings = {
				ASSETCATALOG_COMPILER_APPICON_NAME = AppIcon;
				ASSETCATALOG_COMPILER_GLOBAL_ACCENT_COLOR_NAME = AccentColor;
				CODE_SIGN_STYLE = Automatic;
				CURRENT_PROJECT_VERSION = 1;
				DEVELOPMENT_TEAM = LP57MBM9YR;
				GENERATE_INFOPLIST_FILE = YES;
				INFOPLIST_FILE = TribalTest/Info.plist;
				INFOPLIST_KEY_UIApplicationSupportsIndirectInputEvents = YES;
				INFOPLIST_KEY_UILaunchStoryboardName = LaunchScreen;
				INFOPLIST_KEY_UIMainStoryboardFile = Splash;
				INFOPLIST_KEY_UISupportedInterfaceOrientations = UIInterfaceOrientationPortrait;
				INFOPLIST_KEY_UISupportedInterfaceOrientations_iPad = "UIInterfaceOrientationPortrait UIInterfaceOrientationPortraitUpsideDown UIInterfaceOrientationLandscapeLeft UIInterfaceOrientationLandscapeRight";
				INFOPLIST_KEY_UISupportedInterfaceOrientations_iPhone = "UIInterfaceOrientationPortrait UIInterfaceOrientationLandscapeLeft UIInterfaceOrientationLandscapeRight";
				LD_RUNPATH_SEARCH_PATHS = (
					"$(inherited)",
					"@executable_path/Frameworks",
				);
				MARKETING_VERSION = 1.0;
				PRODUCT_BUNDLE_IDENTIFIER = romano.TribalTest;
				PRODUCT_NAME = "$(TARGET_NAME)";
				SWIFT_EMIT_LOC_STRINGS = YES;
				SWIFT_VERSION = 5.0;
				TARGETED_DEVICE_FAMILY = "1,2";
			};
			name = Debug;
		};
		2DEAEF3F272B4CBC0011C403 /* Release */ = {
			isa = XCBuildConfiguration;
			baseConfigurationReference = 7363035B68B2B7F99EE5F2ED /* Pods-TribalTest.release.xcconfig */;
			buildSettings = {
				ASSETCATALOG_COMPILER_APPICON_NAME = AppIcon;
				ASSETCATALOG_COMPILER_GLOBAL_ACCENT_COLOR_NAME = AccentColor;
				CODE_SIGN_STYLE = Automatic;
				CURRENT_PROJECT_VERSION = 1;
				DEVELOPMENT_TEAM = LP57MBM9YR;
				GENERATE_INFOPLIST_FILE = YES;
				INFOPLIST_FILE = TribalTest/Info.plist;
				INFOPLIST_KEY_UIApplicationSupportsIndirectInputEvents = YES;
				INFOPLIST_KEY_UILaunchStoryboardName = LaunchScreen;
				INFOPLIST_KEY_UIMainStoryboardFile = Splash;
				INFOPLIST_KEY_UISupportedInterfaceOrientations = UIInterfaceOrientationPortrait;
				INFOPLIST_KEY_UISupportedInterfaceOrientations_iPad = "UIInterfaceOrientationPortrait UIInterfaceOrientationPortraitUpsideDown UIInterfaceOrientationLandscapeLeft UIInterfaceOrientationLandscapeRight";
				INFOPLIST_KEY_UISupportedInterfaceOrientations_iPhone = "UIInterfaceOrientationPortrait UIInterfaceOrientationLandscapeLeft UIInterfaceOrientationLandscapeRight";
				LD_RUNPATH_SEARCH_PATHS = (
					"$(inherited)",
					"@executable_path/Frameworks",
				);
				MARKETING_VERSION = 1.0;
				PRODUCT_BUNDLE_IDENTIFIER = romano.TribalTest;
				PRODUCT_NAME = "$(TARGET_NAME)";
				SWIFT_EMIT_LOC_STRINGS = YES;
				SWIFT_VERSION = 5.0;
				TARGETED_DEVICE_FAMILY = "1,2";
			};
			name = Release;
		};
/* End XCBuildConfiguration section */

/* Begin XCConfigurationList section */
		2DEAEF24272B4CBA0011C403 /* Build configuration list for PBXProject "TribalTest" */ = {
			isa = XCConfigurationList;
			buildConfigurations = (
				2DEAEF3B272B4CBC0011C403 /* Debug */,
				2DEAEF3C272B4CBC0011C403 /* Release */,
			);
			defaultConfigurationIsVisible = 0;
			defaultConfigurationName = Release;
		};
		2DEAEF3D272B4CBC0011C403 /* Build configuration list for PBXNativeTarget "TribalTest" */ = {
			isa = XCConfigurationList;
			buildConfigurations = (
				2DEAEF3E272B4CBC0011C403 /* Debug */,
				2DEAEF3F272B4CBC0011C403 /* Release */,
			);
			defaultConfigurationIsVisible = 0;
			defaultConfigurationName = Release;
		};
/* End XCConfigurationList section */

/* Begin XCVersionGroup section */
		2DEAEF78272BA1A80011C403 /* TrableDB.xcdatamodeld */ = {
			isa = XCVersionGroup;
			children = (
				2DEAEF79272BA1A80011C403 /* TrableDB.xcdatamodel */,
			);
			currentVersion = 2DEAEF79272BA1A80011C403 /* TrableDB.xcdatamodel */;
			name = TrableDB.xcdatamodeld;
			path = Modulos/TrableDB.xcdatamodeld;
			sourceTree = "<group>";
			versionGroupType = wrapper.xcdatamodel;
		};
/* End XCVersionGroup section */
	};
	rootObject = 2DEAEF21272B4CBA0011C403 /* Project object */;
}
